// !$*UTF8*$!
{
	archiveVersion = 1;
	classes = {
	};
	objectVersion = 56;
	objects = {

/* Begin PBXBuildFile section */
		4E2EF1DE2BD2338100C94463 /* Task.swift in Sources */ = {isa = PBXBuildFile; fileRef = 4E2EF1DD2BD2338100C94463 /* Task.swift */; };
		4E51254B2BD19BAF00579E2F /* HeaderView.swift in Sources */ = {isa = PBXBuildFile; fileRef = 4E51254A2BD19BAF00579E2F /* HeaderView.swift */; };
		4E51254D2BD19BCC00579E2F /* WeekView.swift in Sources */ = {isa = PBXBuildFile; fileRef = 4E51254C2BD19BCC00579E2F /* WeekView.swift */; };
		4E51254F2BD1A47300579E2F /* DateContainer.swift in Sources */ = {isa = PBXBuildFile; fileRef = 4E51254E2BD1A47300579E2F /* DateContainer.swift */; };
		4E5125522BD1A49900579E2F /* DateModel.swift in Sources */ = {isa = PBXBuildFile; fileRef = 4E5125512BD1A49900579E2F /* DateModel.swift */; };
		4E5125542BD1A4A700579E2F /* DateIntent.swift in Sources */ = {isa = PBXBuildFile; fileRef = 4E5125532BD1A4A700579E2F /* DateIntent.swift */; };
		4ECFEF672BD135AD00748AEC /* MainTabView.swift in Sources */ = {isa = PBXBuildFile; fileRef = 4ECFEF662BD135AD00748AEC /* MainTabView.swift */; };
		4ECFEF692BD1373F00748AEC /* HomeView.swift in Sources */ = {isa = PBXBuildFile; fileRef = 4ECFEF682BD1373F00748AEC /* HomeView.swift */; };
		4ECFEF6B2BD1374600748AEC /* ChartView.swift in Sources */ = {isa = PBXBuildFile; fileRef = 4ECFEF6A2BD1374600748AEC /* ChartView.swift */; };
		4ECFEF6D2BD1374A00748AEC /* SettingView.swift in Sources */ = {isa = PBXBuildFile; fileRef = 4ECFEF6C2BD1374A00748AEC /* SettingView.swift */; };
		4ECFEF702BD13B9600748AEC /* TaskContainer.swift in Sources */ = {isa = PBXBuildFile; fileRef = 4ECFEF6F2BD13B9600748AEC /* TaskContainer.swift */; };
		4ECFEF722BD15CB500748AEC /* Matrix.swift in Sources */ = {isa = PBXBuildFile; fileRef = 4ECFEF712BD15CB500748AEC /* Matrix.swift */; };
		4ECFEF752BD15FF700748AEC /* View+Extensions.swift in Sources */ = {isa = PBXBuildFile; fileRef = 4ECFEF742BD15FF700748AEC /* View+Extensions.swift */; };
		4ECFEF772BD160CB00748AEC /* Date+Extensions.swift in Sources */ = {isa = PBXBuildFile; fileRef = 4ECFEF762BD160CB00748AEC /* Date+Extensions.swift */; };
		4ECFEF792BD160F600748AEC /* OffsetKey.swift in Sources */ = {isa = PBXBuildFile; fileRef = 4ECFEF782BD160F600748AEC /* OffsetKey.swift */; };
		4ECFEF7D2BD1615600748AEC /* NewTaskView.swift in Sources */ = {isa = PBXBuildFile; fileRef = 4ECFEF7A2BD1615600748AEC /* NewTaskView.swift */; };
		4ECFEF832BD165B200748AEC /* TasksView.swift in Sources */ = {isa = PBXBuildFile; fileRef = 4ECFEF822BD165B200748AEC /* TasksView.swift */; };
		4ECFEF852BD165D200748AEC /* TaskRowView.swift in Sources */ = {isa = PBXBuildFile; fileRef = 4ECFEF842BD165D200748AEC /* TaskRowView.swift */; };
		4ECFEF8B2BD16E4A00748AEC /* TaskModel.swift in Sources */ = {isa = PBXBuildFile; fileRef = 4ECFEF8A2BD16E4A00748AEC /* TaskModel.swift */; };
		4ECFEF8D2BD16E5B00748AEC /* TaskIntent.swift in Sources */ = {isa = PBXBuildFile; fileRef = 4ECFEF8C2BD16E5B00748AEC /* TaskIntent.swift */; };
		4ED7D98B2BC3F0940015ED95 /* EisenMatrixApp.swift in Sources */ = {isa = PBXBuildFile; fileRef = 4ED7D98A2BC3F0940015ED95 /* EisenMatrixApp.swift */; };
		4ED7D98D2BC3F0940015ED95 /* ContentView.swift in Sources */ = {isa = PBXBuildFile; fileRef = 4ED7D98C2BC3F0940015ED95 /* ContentView.swift */; };
		4ED7D98F2BC3F0950015ED95 /* Assets.xcassets in Resources */ = {isa = PBXBuildFile; fileRef = 4ED7D98E2BC3F0950015ED95 /* Assets.xcassets */; };
		4ED7D9922BC3F0950015ED95 /* Preview Assets.xcassets in Resources */ = {isa = PBXBuildFile; fileRef = 4ED7D9912BC3F0950015ED95 /* Preview Assets.xcassets */; };
		4ED7D99C2BC3F0950015ED95 /* EisenMatrixTests.swift in Sources */ = {isa = PBXBuildFile; fileRef = 4ED7D99B2BC3F0950015ED95 /* EisenMatrixTests.swift */; };
/* End PBXBuildFile section */

/* Begin PBXContainerItemProxy section */
		4ED7D9982BC3F0950015ED95 /* PBXContainerItemProxy */ = {
			isa = PBXContainerItemProxy;
			containerPortal = 4ED7D97F2BC3F0940015ED95 /* Project object */;
			proxyType = 1;
			remoteGlobalIDString = 4ED7D9862BC3F0940015ED95;
			remoteInfo = EisenMatrix;
		};
/* End PBXContainerItemProxy section */

/* Begin PBXFileReference section */
		4E2EF1DD2BD2338100C94463 /* Task.swift */ = {isa = PBXFileReference; lastKnownFileType = sourcecode.swift; path = Task.swift; sourceTree = "<group>"; };
		4E51254A2BD19BAF00579E2F /* HeaderView.swift */ = {isa = PBXFileReference; lastKnownFileType = sourcecode.swift; path = HeaderView.swift; sourceTree = "<group>"; };
		4E51254C2BD19BCC00579E2F /* WeekView.swift */ = {isa = PBXFileReference; lastKnownFileType = sourcecode.swift; path = WeekView.swift; sourceTree = "<group>"; };
		4E51254E2BD1A47300579E2F /* DateContainer.swift */ = {isa = PBXFileReference; lastKnownFileType = sourcecode.swift; path = DateContainer.swift; sourceTree = "<group>"; };
		4E5125512BD1A49900579E2F /* DateModel.swift */ = {isa = PBXFileReference; lastKnownFileType = sourcecode.swift; path = DateModel.swift; sourceTree = "<group>"; };
		4E5125532BD1A4A700579E2F /* DateIntent.swift */ = {isa = PBXFileReference; lastKnownFileType = sourcecode.swift; path = DateIntent.swift; sourceTree = "<group>"; };
		4ECFEF662BD135AD00748AEC /* MainTabView.swift */ = {isa = PBXFileReference; lastKnownFileType = sourcecode.swift; path = MainTabView.swift; sourceTree = "<group>"; };
		4ECFEF682BD1373F00748AEC /* HomeView.swift */ = {isa = PBXFileReference; lastKnownFileType = sourcecode.swift; path = HomeView.swift; sourceTree = "<group>"; };
		4ECFEF6A2BD1374600748AEC /* ChartView.swift */ = {isa = PBXFileReference; lastKnownFileType = sourcecode.swift; path = ChartView.swift; sourceTree = "<group>"; };
		4ECFEF6C2BD1374A00748AEC /* SettingView.swift */ = {isa = PBXFileReference; lastKnownFileType = sourcecode.swift; path = SettingView.swift; sourceTree = "<group>"; };
		4ECFEF6F2BD13B9600748AEC /* TaskContainer.swift */ = {isa = PBXFileReference; lastKnownFileType = sourcecode.swift; path = TaskContainer.swift; sourceTree = "<group>"; };
		4ECFEF712BD15CB500748AEC /* Matrix.swift */ = {isa = PBXFileReference; lastKnownFileType = sourcecode.swift; path = Matrix.swift; sourceTree = "<group>"; };
		4ECFEF742BD15FF700748AEC /* View+Extensions.swift */ = {isa = PBXFileReference; lastKnownFileType = sourcecode.swift; path = "View+Extensions.swift"; sourceTree = "<group>"; };
		4ECFEF762BD160CB00748AEC /* Date+Extensions.swift */ = {isa = PBXFileReference; lastKnownFileType = sourcecode.swift; path = "Date+Extensions.swift"; sourceTree = "<group>"; };
		4ECFEF782BD160F600748AEC /* OffsetKey.swift */ = {isa = PBXFileReference; lastKnownFileType = sourcecode.swift; path = OffsetKey.swift; sourceTree = "<group>"; };
		4ECFEF7A2BD1615600748AEC /* NewTaskView.swift */ = {isa = PBXFileReference; fileEncoding = 4; lastKnownFileType = sourcecode.swift; path = NewTaskView.swift; sourceTree = "<group>"; };
		4ECFEF822BD165B200748AEC /* TasksView.swift */ = {isa = PBXFileReference; fileEncoding = 4; lastKnownFileType = sourcecode.swift; path = TasksView.swift; sourceTree = "<group>"; };
		4ECFEF842BD165D200748AEC /* TaskRowView.swift */ = {isa = PBXFileReference; fileEncoding = 4; lastKnownFileType = sourcecode.swift; path = TaskRowView.swift; sourceTree = "<group>"; };
		4ECFEF8A2BD16E4A00748AEC /* TaskModel.swift */ = {isa = PBXFileReference; lastKnownFileType = sourcecode.swift; path = TaskModel.swift; sourceTree = "<group>"; };
		4ECFEF8C2BD16E5B00748AEC /* TaskIntent.swift */ = {isa = PBXFileReference; lastKnownFileType = sourcecode.swift; path = TaskIntent.swift; sourceTree = "<group>"; };
		4ED7D9872BC3F0940015ED95 /* EisenMatrix.app */ = {isa = PBXFileReference; explicitFileType = wrapper.application; includeInIndex = 0; path = EisenMatrix.app; sourceTree = BUILT_PRODUCTS_DIR; };
		4ED7D98A2BC3F0940015ED95 /* EisenMatrixApp.swift */ = {isa = PBXFileReference; lastKnownFileType = sourcecode.swift; path = EisenMatrixApp.swift; sourceTree = "<group>"; };
		4ED7D98C2BC3F0940015ED95 /* ContentView.swift */ = {isa = PBXFileReference; lastKnownFileType = sourcecode.swift; path = ContentView.swift; sourceTree = "<group>"; };
		4ED7D98E2BC3F0950015ED95 /* Assets.xcassets */ = {isa = PBXFileReference; lastKnownFileType = folder.assetcatalog; path = Assets.xcassets; sourceTree = "<group>"; };
		4ED7D9912BC3F0950015ED95 /* Preview Assets.xcassets */ = {isa = PBXFileReference; lastKnownFileType = folder.assetcatalog; path = "Preview Assets.xcassets"; sourceTree = "<group>"; };
		4ED7D9972BC3F0950015ED95 /* EisenMatrixTests.xctest */ = {isa = PBXFileReference; explicitFileType = wrapper.cfbundle; includeInIndex = 0; path = EisenMatrixTests.xctest; sourceTree = BUILT_PRODUCTS_DIR; };
		4ED7D99B2BC3F0950015ED95 /* EisenMatrixTests.swift */ = {isa = PBXFileReference; lastKnownFileType = sourcecode.swift; path = EisenMatrixTests.swift; sourceTree = "<group>"; };
/* End PBXFileReference section */

/* Begin PBXFrameworksBuildPhase section */
		4ED7D9842BC3F0940015ED95 /* Frameworks */ = {
			isa = PBXFrameworksBuildPhase;
			buildActionMask = 2147483647;
			files = (
			);
			runOnlyForDeploymentPostprocessing = 0;
		};
		4ED7D9942BC3F0950015ED95 /* Frameworks */ = {
			isa = PBXFrameworksBuildPhase;
			buildActionMask = 2147483647;
			files = (
			);
			runOnlyForDeploymentPostprocessing = 0;
		};
/* End PBXFrameworksBuildPhase section */

/* Begin PBXGroup section */
		4E5125502BD1A48000579E2F /* Containers */ = {
			isa = PBXGroup;
			children = (
				4ECFEF6F2BD13B9600748AEC /* TaskContainer.swift */,
				4E51254E2BD1A47300579E2F /* DateContainer.swift */,
			);
			path = Containers;
			sourceTree = "<group>";
		};
		4ECFEF6E2BD1375200748AEC /* Views */ = {
			isa = PBXGroup;
			children = (
				4ECFEF662BD135AD00748AEC /* MainTabView.swift */,
				4ECFEF862BD16DFF00748AEC /* Task */,
				4ECFEF6A2BD1374600748AEC /* ChartView.swift */,
				4ECFEF6C2BD1374A00748AEC /* SettingView.swift */,
			);
			path = Views;
			sourceTree = "<group>";
		};
		4ECFEF732BD15FE000748AEC /* Helpers */ = {
			isa = PBXGroup;
			children = (
				4ECFEF742BD15FF700748AEC /* View+Extensions.swift */,
				4ECFEF762BD160CB00748AEC /* Date+Extensions.swift */,
				4ECFEF782BD160F600748AEC /* OffsetKey.swift */,
			);
			path = Helpers;
			sourceTree = "<group>";
		};
		4ECFEF862BD16DFF00748AEC /* Task */ = {
			isa = PBXGroup;
			children = (
				4ECFEF682BD1373F00748AEC /* HomeView.swift */,
				4E51254A2BD19BAF00579E2F /* HeaderView.swift */,
				4E51254C2BD19BCC00579E2F /* WeekView.swift */,
				4ECFEF822BD165B200748AEC /* TasksView.swift */,
				4ECFEF842BD165D200748AEC /* TaskRowView.swift */,
				4ECFEF7A2BD1615600748AEC /* NewTaskView.swift */,
			);
			path = Task;
			sourceTree = "<group>";
		};
		4ECFEF872BD16E1500748AEC /* Model */ = {
			isa = PBXGroup;
			children = (
				4E5125502BD1A48000579E2F /* Containers */,
				4ECFEF712BD15CB500748AEC /* Matrix.swift */,
				4E2EF1DD2BD2338100C94463 /* Task.swift */,
				4ECFEF8A2BD16E4A00748AEC /* TaskModel.swift */,
				4E5125512BD1A49900579E2F /* DateModel.swift */,
			);
			path = Model;
			sourceTree = "<group>";
		};
		4ECFEF8E2BD16E8A00748AEC /* Intent */ = {
			isa = PBXGroup;
			children = (
				4ECFEF8C2BD16E5B00748AEC /* TaskIntent.swift */,
				4E5125532BD1A4A700579E2F /* DateIntent.swift */,
			);
			path = Intent;
			sourceTree = "<group>";
		};
		4ED7D97E2BC3F0940015ED95 = {
			isa = PBXGroup;
			children = (
				4ED7D9892BC3F0940015ED95 /* EisenMatrix */,
				4ED7D99A2BC3F0950015ED95 /* EisenMatrixTests */,
				4ED7D9882BC3F0940015ED95 /* Products */,
			);
			sourceTree = "<group>";
		};
		4ED7D9882BC3F0940015ED95 /* Products */ = {
			isa = PBXGroup;
			children = (
				4ED7D9872BC3F0940015ED95 /* EisenMatrix.app */,
				4ED7D9972BC3F0950015ED95 /* EisenMatrixTests.xctest */,
			);
			name = Products;
			sourceTree = "<group>";
		};
		4ED7D9892BC3F0940015ED95 /* EisenMatrix */ = {
			isa = PBXGroup;
			children = (
				4ED7D98A2BC3F0940015ED95 /* EisenMatrixApp.swift */,
				4ED7D98C2BC3F0940015ED95 /* ContentView.swift */,
				4ECFEF732BD15FE000748AEC /* Helpers */,
				4ECFEF8E2BD16E8A00748AEC /* Intent */,
				4ECFEF872BD16E1500748AEC /* Model */,
				4ECFEF6E2BD1375200748AEC /* Views */,
				4ED7D98E2BC3F0950015ED95 /* Assets.xcassets */,
				4ED7D9902BC3F0950015ED95 /* Preview Content */,
			);
			path = EisenMatrix;
			sourceTree = "<group>";
		};
		4ED7D9902BC3F0950015ED95 /* Preview Content */ = {
			isa = PBXGroup;
			children = (
				4ED7D9912BC3F0950015ED95 /* Preview Assets.xcassets */,
			);
			path = "Preview Content";
			sourceTree = "<group>";
		};
		4ED7D99A2BC3F0950015ED95 /* EisenMatrixTests */ = {
			isa = PBXGroup;
			children = (
				4ED7D99B2BC3F0950015ED95 /* EisenMatrixTests.swift */,
			);
			path = EisenMatrixTests;
			sourceTree = "<group>";
		};
/* End PBXGroup section */

/* Begin PBXNativeTarget section */
		4ED7D9862BC3F0940015ED95 /* EisenMatrix */ = {
			isa = PBXNativeTarget;
			buildConfigurationList = 4ED7D9AB2BC3F0950015ED95 /* Build configuration list for PBXNativeTarget "EisenMatrix" */;
			buildPhases = (
				4ED7D9832BC3F0940015ED95 /* Sources */,
				4ED7D9842BC3F0940015ED95 /* Frameworks */,
				4ED7D9852BC3F0940015ED95 /* Resources */,
			);
			buildRules = (
			);
			dependencies = (
			);
			name = EisenMatrix;
			productName = EisenMatrix;
			productReference = 4ED7D9872BC3F0940015ED95 /* EisenMatrix.app */;
			productType = "com.apple.product-type.application";
		};
		4ED7D9962BC3F0950015ED95 /* EisenMatrixTests */ = {
			isa = PBXNativeTarget;
			buildConfigurationList = 4ED7D9AE2BC3F0950015ED95 /* Build configuration list for PBXNativeTarget "EisenMatrixTests" */;
			buildPhases = (
				4ED7D9932BC3F0950015ED95 /* Sources */,
				4ED7D9942BC3F0950015ED95 /* Frameworks */,
				4ED7D9952BC3F0950015ED95 /* Resources */,
			);
			buildRules = (
			);
			dependencies = (
				4ED7D9992BC3F0950015ED95 /* PBXTargetDependency */,
			);
			name = EisenMatrixTests;
			productName = EisenMatrixTests;
			productReference = 4ED7D9972BC3F0950015ED95 /* EisenMatrixTests.xctest */;
			productType = "com.apple.product-type.bundle.unit-test";
		};
/* End PBXNativeTarget section */

/* Begin PBXProject section */
		4ED7D97F2BC3F0940015ED95 /* Project object */ = {
			isa = PBXProject;
			attributes = {
				BuildIndependentTargetsInParallel = 1;
				LastSwiftUpdateCheck = 1530;
				LastUpgradeCheck = 1530;
				TargetAttributes = {
					4ED7D9862BC3F0940015ED95 = {
						CreatedOnToolsVersion = 15.3;
					};
					4ED7D9962BC3F0950015ED95 = {
						CreatedOnToolsVersion = 15.3;
						TestTargetID = 4ED7D9862BC3F0940015ED95;
					};
				};
			};
			buildConfigurationList = 4ED7D9822BC3F0940015ED95 /* Build configuration list for PBXProject "EisenMatrix" */;
			compatibilityVersion = "Xcode 14.0";
			developmentRegion = en;
			hasScannedForEncodings = 0;
			knownRegions = (
				en,
				Base,
			);
			mainGroup = 4ED7D97E2BC3F0940015ED95;
			productRefGroup = 4ED7D9882BC3F0940015ED95 /* Products */;
			projectDirPath = "";
			projectRoot = "";
			targets = (
				4ED7D9862BC3F0940015ED95 /* EisenMatrix */,
				4ED7D9962BC3F0950015ED95 /* EisenMatrixTests */,
			);
		};
/* End PBXProject section */

/* Begin PBXResourcesBuildPhase section */
		4ED7D9852BC3F0940015ED95 /* Resources */ = {
			isa = PBXResourcesBuildPhase;
			buildActionMask = 2147483647;
			files = (
				4ED7D9922BC3F0950015ED95 /* Preview Assets.xcassets in Resources */,
				4ED7D98F2BC3F0950015ED95 /* Assets.xcassets in Resources */,
			);
			runOnlyForDeploymentPostprocessing = 0;
		};
		4ED7D9952BC3F0950015ED95 /* Resources */ = {
			isa = PBXResourcesBuildPhase;
			buildActionMask = 2147483647;
			files = (
			);
			runOnlyForDeploymentPostprocessing = 0;
		};
/* End PBXResourcesBuildPhase section */

/* Begin PBXSourcesBuildPhase section */
		4ED7D9832BC3F0940015ED95 /* Sources */ = {
			isa = PBXSourcesBuildPhase;
			buildActionMask = 2147483647;
			files = (
				4ED7D98D2BC3F0940015ED95 /* ContentView.swift in Sources */,
				4E51254B2BD19BAF00579E2F /* HeaderView.swift in Sources */,
				4ECFEF832BD165B200748AEC /* TasksView.swift in Sources */,
				4ECFEF8B2BD16E4A00748AEC /* TaskModel.swift in Sources */,
				4ECFEF752BD15FF700748AEC /* View+Extensions.swift in Sources */,
				4ECFEF672BD135AD00748AEC /* MainTabView.swift in Sources */,
				4E2EF1DE2BD2338100C94463 /* Task.swift in Sources */,
				4E51254D2BD19BCC00579E2F /* WeekView.swift in Sources */,
				4E5125542BD1A4A700579E2F /* DateIntent.swift in Sources */,
				4ECFEF8D2BD16E5B00748AEC /* TaskIntent.swift in Sources */,
				4E5125522BD1A49900579E2F /* DateModel.swift in Sources */,
				4ED7D98B2BC3F0940015ED95 /* EisenMatrixApp.swift in Sources */,
				4ECFEF6D2BD1374A00748AEC /* SettingView.swift in Sources */,
				4ECFEF772BD160CB00748AEC /* Date+Extensions.swift in Sources */,
				4ECFEF722BD15CB500748AEC /* Matrix.swift in Sources */,
				4ECFEF6B2BD1374600748AEC /* ChartView.swift in Sources */,
				4ECFEF7D2BD1615600748AEC /* NewTaskView.swift in Sources */,
				4ECFEF852BD165D200748AEC /* TaskRowView.swift in Sources */,
				4ECFEF702BD13B9600748AEC /* TaskContainer.swift in Sources */,
				4ECFEF792BD160F600748AEC /* OffsetKey.swift in Sources */,
				4ECFEF692BD1373F00748AEC /* HomeView.swift in Sources */,
				4E51254F2BD1A47300579E2F /* DateContainer.swift in Sources */,
			);
			runOnlyForDeploymentPostprocessing = 0;
		};
		4ED7D9932BC3F0950015ED95 /* Sources */ = {
			isa = PBXSourcesBuildPhase;
			buildActionMask = 2147483647;
			files = (
				4ED7D99C2BC3F0950015ED95 /* EisenMatrixTests.swift in Sources */,
			);
			runOnlyForDeploymentPostprocessing = 0;
		};
/* End PBXSourcesBuildPhase section */

/* Begin PBXTargetDependency section */
		4ED7D9992BC3F0950015ED95 /* PBXTargetDependency */ = {
			isa = PBXTargetDependency;
			target = 4ED7D9862BC3F0940015ED95 /* EisenMatrix */;
			targetProxy = 4ED7D9982BC3F0950015ED95 /* PBXContainerItemProxy */;
		};
/* End PBXTargetDependency section */

/* Begin XCBuildConfiguration section */
		4ED7D9A92BC3F0950015ED95 /* Debug */ = {
			isa = XCBuildConfiguration;
			buildSettings = {
				ALWAYS_SEARCH_USER_PATHS = NO;
				ASSETCATALOG_COMPILER_GENERATE_SWIFT_ASSET_SYMBOL_EXTENSIONS = YES;
				CLANG_ANALYZER_NONNULL = YES;
				CLANG_ANALYZER_NUMBER_OBJECT_CONVERSION = YES_AGGRESSIVE;
				CLANG_CXX_LANGUAGE_STANDARD = "gnu++20";
				CLANG_ENABLE_MODULES = YES;
				CLANG_ENABLE_OBJC_ARC = YES;
				CLANG_ENABLE_OBJC_WEAK = YES;
				CLANG_WARN_BLOCK_CAPTURE_AUTORELEASING = YES;
				CLANG_WARN_BOOL_CONVERSION = YES;
				CLANG_WARN_COMMA = YES;
				CLANG_WARN_CONSTANT_CONVERSION = YES;
				CLANG_WARN_DEPRECATED_OBJC_IMPLEMENTATIONS = YES;
				CLANG_WARN_DIRECT_OBJC_ISA_USAGE = YES_ERROR;
				CLANG_WARN_DOCUMENTATION_COMMENTS = YES;
				CLANG_WARN_EMPTY_BODY = YES;
				CLANG_WARN_ENUM_CONVERSION = YES;
				CLANG_WARN_INFINITE_RECURSION = YES;
				CLANG_WARN_INT_CONVERSION = YES;
				CLANG_WARN_NON_LITERAL_NULL_CONVERSION = YES;
				CLANG_WARN_OBJC_IMPLICIT_RETAIN_SELF = YES;
				CLANG_WARN_OBJC_LITERAL_CONVERSION = YES;
				CLANG_WARN_OBJC_ROOT_CLASS = YES_ERROR;
				CLANG_WARN_QUOTED_INCLUDE_IN_FRAMEWORK_HEADER = YES;
				CLANG_WARN_RANGE_LOOP_ANALYSIS = YES;
				CLANG_WARN_STRICT_PROTOTYPES = YES;
				CLANG_WARN_SUSPICIOUS_MOVE = YES;
				CLANG_WARN_UNGUARDED_AVAILABILITY = YES_AGGRESSIVE;
				CLANG_WARN_UNREACHABLE_CODE = YES;
				CLANG_WARN__DUPLICATE_METHOD_MATCH = YES;
				COPY_PHASE_STRIP = NO;
				DEBUG_INFORMATION_FORMAT = dwarf;
				ENABLE_STRICT_OBJC_MSGSEND = YES;
				ENABLE_TESTABILITY = YES;
				ENABLE_USER_SCRIPT_SANDBOXING = YES;
				GCC_C_LANGUAGE_STANDARD = gnu17;
				GCC_DYNAMIC_NO_PIC = NO;
				GCC_NO_COMMON_BLOCKS = YES;
				GCC_OPTIMIZATION_LEVEL = 0;
				GCC_PREPROCESSOR_DEFINITIONS = (
					"DEBUG=1",
					"$(inherited)",
				);
				GCC_WARN_64_TO_32_BIT_CONVERSION = YES;
				GCC_WARN_ABOUT_RETURN_TYPE = YES_ERROR;
				GCC_WARN_UNDECLARED_SELECTOR = YES;
				GCC_WARN_UNINITIALIZED_AUTOS = YES_AGGRESSIVE;
				GCC_WARN_UNUSED_FUNCTION = YES;
				GCC_WARN_UNUSED_VARIABLE = YES;
				IPHONEOS_DEPLOYMENT_TARGET = 17.4;
				LOCALIZATION_PREFERS_STRING_CATALOGS = YES;
				MTL_ENABLE_DEBUG_INFO = INCLUDE_SOURCE;
				MTL_FAST_MATH = YES;
				ONLY_ACTIVE_ARCH = YES;
				SDKROOT = iphoneos;
				SWIFT_ACTIVE_COMPILATION_CONDITIONS = "DEBUG $(inherited)";
				SWIFT_OPTIMIZATION_LEVEL = "-Onone";
			};
			name = Debug;
		};
		4ED7D9AA2BC3F0950015ED95 /* Release */ = {
			isa = XCBuildConfiguration;
			buildSettings = {
				ALWAYS_SEARCH_USER_PATHS = NO;
				ASSETCATALOG_COMPILER_GENERATE_SWIFT_ASSET_SYMBOL_EXTENSIONS = YES;
				CLANG_ANALYZER_NONNULL = YES;
				CLANG_ANALYZER_NUMBER_OBJECT_CONVERSION = YES_AGGRESSIVE;
				CLANG_CXX_LANGUAGE_STANDARD = "gnu++20";
				CLANG_ENABLE_MODULES = YES;
				CLANG_ENABLE_OBJC_ARC = YES;
				CLANG_ENABLE_OBJC_WEAK = YES;
				CLANG_WARN_BLOCK_CAPTURE_AUTORELEASING = YES;
				CLANG_WARN_BOOL_CONVERSION = YES;
				CLANG_WARN_COMMA = YES;
				CLANG_WARN_CONSTANT_CONVERSION = YES;
				CLANG_WARN_DEPRECATED_OBJC_IMPLEMENTATIONS = YES;
				CLANG_WARN_DIRECT_OBJC_ISA_USAGE = YES_ERROR;
				CLANG_WARN_DOCUMENTATION_COMMENTS = YES;
				CLANG_WARN_EMPTY_BODY = YES;
				CLANG_WARN_ENUM_CONVERSION = YES;
				CLANG_WARN_INFINITE_RECURSION = YES;
				CLANG_WARN_INT_CONVERSION = YES;
				CLANG_WARN_NON_LITERAL_NULL_CONVERSION = YES;
				CLANG_WARN_OBJC_IMPLICIT_RETAIN_SELF = YES;
				CLANG_WARN_OBJC_LITERAL_CONVERSION = YES;
				CLANG_WARN_OBJC_ROOT_CLASS = YES_ERROR;
				CLANG_WARN_QUOTED_INCLUDE_IN_FRAMEWORK_HEADER = YES;
				CLANG_WARN_RANGE_LOOP_ANALYSIS = YES;
				CLANG_WARN_STRICT_PROTOTYPES = YES;
				CLANG_WARN_SUSPICIOUS_MOVE = YES;
				CLANG_WARN_UNGUARDED_AVAILABILITY = YES_AGGRESSIVE;
				CLANG_WARN_UNREACHABLE_CODE = YES;
				CLANG_WARN__DUPLICATE_METHOD_MATCH = YES;
				COPY_PHASE_STRIP = NO;
				DEBUG_INFORMATION_FORMAT = "dwarf-with-dsym";
				ENABLE_NS_ASSERTIONS = NO;
				ENABLE_STRICT_OBJC_MSGSEND = YES;
				ENABLE_USER_SCRIPT_SANDBOXING = YES;
				GCC_C_LANGUAGE_STANDARD = gnu17;
				GCC_NO_COMMON_BLOCKS = YES;
				GCC_WARN_64_TO_32_BIT_CONVERSION = YES;
				GCC_WARN_ABOUT_RETURN_TYPE = YES_ERROR;
				GCC_WARN_UNDECLARED_SELECTOR = YES;
				GCC_WARN_UNINITIALIZED_AUTOS = YES_AGGRESSIVE;
				GCC_WARN_UNUSED_FUNCTION = YES;
				GCC_WARN_UNUSED_VARIABLE = YES;
				IPHONEOS_DEPLOYMENT_TARGET = 17.4;
				LOCALIZATION_PREFERS_STRING_CATALOGS = YES;
				MTL_ENABLE_DEBUG_INFO = NO;
				MTL_FAST_MATH = YES;
				SDKROOT = iphoneos;
				SWIFT_COMPILATION_MODE = wholemodule;
				VALIDATE_PRODUCT = YES;
			};
			name = Release;
		};
		4ED7D9AC2BC3F0950015ED95 /* Debug */ = {
			isa = XCBuildConfiguration;
			buildSettings = {
				ASSETCATALOG_COMPILER_APPICON_NAME = AppIcon;
				ASSETCATALOG_COMPILER_GLOBAL_ACCENT_COLOR_NAME = AccentColor;
				CODE_SIGN_STYLE = Automatic;
				CURRENT_PROJECT_VERSION = 1;
				DEVELOPMENT_ASSET_PATHS = "\"EisenMatrix/Preview Content\"";
				DEVELOPMENT_TEAM = 4MN45GZSDT;
				ENABLE_PREVIEWS = YES;
				GENERATE_INFOPLIST_FILE = YES;
				INFOPLIST_KEY_UIApplicationSceneManifest_Generation = YES;
				INFOPLIST_KEY_UIApplicationSupportsIndirectInputEvents = YES;
				INFOPLIST_KEY_UILaunchScreen_Generation = YES;
				INFOPLIST_KEY_UISupportedInterfaceOrientations_iPad = "UIInterfaceOrientationPortrait UIInterfaceOrientationPortraitUpsideDown UIInterfaceOrientationLandscapeLeft UIInterfaceOrientationLandscapeRight";
				INFOPLIST_KEY_UISupportedInterfaceOrientations_iPhone = "UIInterfaceOrientationPortrait UIInterfaceOrientationLandscapeLeft UIInterfaceOrientationLandscapeRight";
				IPHONEOS_DEPLOYMENT_TARGET = 17.0;
				LD_RUNPATH_SEARCH_PATHS = (
					"$(inherited)",
					"@executable_path/Frameworks",
				);
				MARKETING_VERSION = 1.0;
				PRODUCT_BUNDLE_IDENTIFIER = com.Junwoo.Jununu.EisenMatrix;
				PRODUCT_NAME = "$(TARGET_NAME)";
				SUPPORTED_PLATFORMS = "iphoneos iphonesimulator";
				SUPPORTS_MACCATALYST = NO;
				SUPPORTS_MAC_DESIGNED_FOR_IPHONE_IPAD = NO;
				SUPPORTS_XR_DESIGNED_FOR_IPHONE_IPAD = NO;
				SWIFT_EMIT_LOC_STRINGS = YES;
				SWIFT_VERSION = 5.0;
				TARGETED_DEVICE_FAMILY = "1,2";
			};
			name = Debug;
		};
		4ED7D9AD2BC3F0950015ED95 /* Release */ = {
			isa = XCBuildConfiguration;
			buildSettings = {
				ASSETCATALOG_COMPILER_APPICON_NAME = AppIcon;
				ASSETCATALOG_COMPILER_GLOBAL_ACCENT_COLOR_NAME = AccentColor;
				CODE_SIGN_STYLE = Automatic;
				CURRENT_PROJECT_VERSION = 1;
				DEVELOPMENT_ASSET_PATHS = "\"EisenMatrix/Preview Content\"";
				DEVELOPMENT_TEAM = 4MN45GZSDT;
				ENABLE_PREVIEWS = YES;
				GENERATE_INFOPLIST_FILE = YES;
				INFOPLIST_KEY_UIApplicationSceneManifest_Generation = YES;
				INFOPLIST_KEY_UIApplicationSupportsIndirectInputEvents = YES;
				INFOPLIST_KEY_UILaunchScreen_Generation = YES;
				INFOPLIST_KEY_UISupportedInterfaceOrientations_iPad = "UIInterfaceOrientationPortrait UIInterfaceOrientationPortraitUpsideDown UIInterfaceOrientationLandscapeLeft UIInterfaceOrientationLandscapeRight";
				INFOPLIST_KEY_UISupportedInterfaceOrientations_iPhone = "UIInterfaceOrientationPortrait UIInterfaceOrientationLandscapeLeft UIInterfaceOrientationLandscapeRight";
				IPHONEOS_DEPLOYMENT_TARGET = 17.0;
				LD_RUNPATH_SEARCH_PATHS = (
					"$(inherited)",
					"@executable_path/Frameworks",
				);
				MARKETING_VERSION = 1.0;
				PRODUCT_BUNDLE_IDENTIFIER = com.Junwoo.Jununu.EisenMatrix;
				PRODUCT_NAME = "$(TARGET_NAME)";
				SUPPORTED_PLATFORMS = "iphoneos iphonesimulator";
				SUPPORTS_MACCATALYST = NO;
				SUPPORTS_MAC_DESIGNED_FOR_IPHONE_IPAD = NO;
				SUPPORTS_XR_DESIGNED_FOR_IPHONE_IPAD = NO;
				SWIFT_EMIT_LOC_STRINGS = YES;
				SWIFT_VERSION = 5.0;
				TARGETED_DEVICE_FAMILY = "1,2";
			};
			name = Release;
		};
		4ED7D9AF2BC3F0950015ED95 /* Debug */ = {
			isa = XCBuildConfiguration;
			buildSettings = {
				ALWAYS_EMBED_SWIFT_STANDARD_LIBRARIES = YES;
				BUNDLE_LOADER = "$(TEST_HOST)";
				CODE_SIGN_STYLE = Automatic;
				CURRENT_PROJECT_VERSION = 1;
				DEVELOPMENT_TEAM = 4MN45GZSDT;
				GENERATE_INFOPLIST_FILE = YES;
				IPHONEOS_DEPLOYMENT_TARGET = 16.0;
				MARKETING_VERSION = 1.0;
				PRODUCT_BUNDLE_IDENTIFIER = com.Junwoo.Jununu.EisenMatrixTests;
				PRODUCT_NAME = "$(TARGET_NAME)";
				SUPPORTED_PLATFORMS = "iphoneos iphonesimulator";
				SUPPORTS_MACCATALYST = NO;
				SUPPORTS_MAC_DESIGNED_FOR_IPHONE_IPAD = NO;
				SUPPORTS_XR_DESIGNED_FOR_IPHONE_IPAD = NO;
				SWIFT_EMIT_LOC_STRINGS = NO;
				SWIFT_VERSION = 5.0;
				TARGETED_DEVICE_FAMILY = "1,2";
				TEST_HOST = "$(BUILT_PRODUCTS_DIR)/EisenMatrix.app/$(BUNDLE_EXECUTABLE_FOLDER_PATH)/EisenMatrix";
			};
			name = Debug;
		};
		4ED7D9B02BC3F0950015ED95 /* Release */ = {
			isa = XCBuildConfiguration;
			buildSettings = {
				ALWAYS_EMBED_SWIFT_STANDARD_LIBRARIES = YES;
				BUNDLE_LOADER = "$(TEST_HOST)";
				CODE_SIGN_STYLE = Automatic;
				CURRENT_PROJECT_VERSION = 1;
				DEVELOPMENT_TEAM = 4MN45GZSDT;
				GENERATE_INFOPLIST_FILE = YES;
				IPHONEOS_DEPLOYMENT_TARGET = 16.0;
				MARKETING_VERSION = 1.0;
				PRODUCT_BUNDLE_IDENTIFIER = com.Junwoo.Jununu.EisenMatrixTests;
				PRODUCT_NAME = "$(TARGET_NAME)";
				SUPPORTED_PLATFORMS = "iphoneos iphonesimulator";
				SUPPORTS_MACCATALYST = NO;
				SUPPORTS_MAC_DESIGNED_FOR_IPHONE_IPAD = NO;
				SUPPORTS_XR_DESIGNED_FOR_IPHONE_IPAD = NO;
				SWIFT_EMIT_LOC_STRINGS = NO;
				SWIFT_VERSION = 5.0;
				TARGETED_DEVICE_FAMILY = "1,2";
				TEST_HOST = "$(BUILT_PRODUCTS_DIR)/EisenMatrix.app/$(BUNDLE_EXECUTABLE_FOLDER_PATH)/EisenMatrix";
			};
			name = Release;
		};
/* End XCBuildConfiguration section */

/* Begin XCConfigurationList section */
		4ED7D9822BC3F0940015ED95 /* Build configuration list for PBXProject "EisenMatrix" */ = {
			isa = XCConfigurationList;
			buildConfigurations = (
				4ED7D9A92BC3F0950015ED95 /* Debug */,
				4ED7D9AA2BC3F0950015ED95 /* Release */,
			);
			defaultConfigurationIsVisible = 0;
			defaultConfigurationName = Release;
		};
		4ED7D9AB2BC3F0950015ED95 /* Build configuration list for PBXNativeTarget "EisenMatrix" */ = {
			isa = XCConfigurationList;
			buildConfigurations = (
				4ED7D9AC2BC3F0950015ED95 /* Debug */,
				4ED7D9AD2BC3F0950015ED95 /* Release */,
			);
			defaultConfigurationIsVisible = 0;
			defaultConfigurationName = Release;
		};
		4ED7D9AE2BC3F0950015ED95 /* Build configuration list for PBXNativeTarget "EisenMatrixTests" */ = {
			isa = XCConfigurationList;
			buildConfigurations = (
				4ED7D9AF2BC3F0950015ED95 /* Debug */,
				4ED7D9B02BC3F0950015ED95 /* Release */,
			);
			defaultConfigurationIsVisible = 0;
			defaultConfigurationName = Release;
		};
/* End XCConfigurationList section */
	};
	rootObject = 4ED7D97F2BC3F0940015ED95 /* Project object */;
}
